
Microsoft Visual Studio Solution File, Format Version 12.00
# Visual Studio Version 17
VisualStudioVersion = 17.3.32922.545
MinimumVisualStudioVersion = 10.0.40219.1
Project("{FAE04EC0-301F-11D3-BF4B-00C04F79EFBC}") = "ApiCatalogMVC", "ApiCatalogMVC\ApiCatalogMVC.csproj", "{2D3452FB-AEF5-4588-9E0A-9A13554175BA}"
EndProject
Global
	GlobalSection(SolutionConfigurationPlatforms) = preSolution
		Debug|Any CPU = Debug|Any CPU
		Release|Any CPU = Release|Any CPU
	EndGlobalSection
	GlobalSection(ProjectConfigurationPlatforms) = postSolution
		{2D3452FB-AEF5-4588-9E0A-9A13554175BA}.Debug|Any CPU.ActiveCfg = Debug|Any CPU
		{2D3452FB-AEF5-4588-9E0A-9A13554175BA}.Debug|Any CPU.Build.0 = Debug|Any CPU
		{2D3452FB-AEF5-4588-9E0A-9A13554175BA}.Release|Any CPU.ActiveCfg = Release|Any CPU
		{2D3452FB-AEF5-4588-9E0A-9A13554175BA}.Release|Any CPU.Build.0 = Release|Any CPU
	EndGlobalSection
	GlobalSection(SolutionProperties) = preSolution
		HideSolutionNode = FALSE
	EndGlobalSection
	GlobalSection(ExtensibilityGlobals) = postSolution
		SolutionGuid = {5A63710D-C842-40AE-A76C-653A7884A0CD}
	EndGlobalSection
EndGlobal
